{
  "name": "PruebaInstallNpm",
  "lockfileVersion": 3,
  "requires": true,
  "packages": {
    "": {
      "dependencies": {
        "adventurer_races": "^1.0.2"
      }
    },
    "node_modules/adventurer_races": {
      "version": "1.1.1",
      "resolved": "https://registry.npmjs.org/adventurer_races/-/adventurer_races-1.1.1.tgz",
      "integrity": "sha512-kAMBizV9XQLpqMXam+uI0oo41M0UbucL8y8hG9wvLriOoAv34aokFtMUwwAPHXgck3uNwS12oqqiysHNFLRaTA=="
    }
  }
}
